Microsoft Visual Studio Solution File, Format Version 10.00
# Visual Studio 2008
Project("{FAE04EC0-301F-11D3-BF4B-00C04F79EFBC}") = "GMinder", "GMinder\GMinder.csproj", "{230C4B64-F983-4630-B427-D1EAE885FD62}"
EndProject
Project("{54435603-DBB4-11D2-8724-00A0C9A8B90C}") = "Deployment", "Deployment\Deployment.vdproj", "{CC4F42A3-1A8C-4F08-AAC6-222623A74E93}"
EndProject
Global
	GlobalSection(SolutionConfigurationPlatforms) = preSolution
		Debug|Any CPU = Debug|Any CPU
		Release|Any CPU = Release|Any CPU
	EndGlobalSection
	GlobalSection(ProjectConfigurationPlatforms) = postSolution
		{230C4B64-F983-4630-B427-D1EAE885FD62}.Debug|Any CPU.ActiveCfg = Debug|Any CPU
		{230C4B64-F983-4630-B427-D1EAE885FD62}.Debug|Any CPU.Build.0 = Debug|Any CPU
		{230C4B64-F983-4630-B427-D1EAE885FD62}.Release|Any CPU.ActiveCfg = Release|Any CPU
		{230C4B64-F983-4630-B427-D1EAE885FD62}.Release|Any CPU.Build.0 = Release|Any CPU
		{CC4F42A3-1A8C-4F08-AAC6-222623A74E93}.Debug|Any CPU.ActiveCfg = Debug
		{CC4F42A3-1A8C-4F08-AAC6-222623A74E93}.Release|Any CPU.ActiveCfg = Release
	EndGlobalSection
	GlobalSection(SolutionProperties) = preSolution
		HideSolutionNode = FALSE
	EndGlobalSection
EndGlobal
